// !$*UTF8*$!
{
	archiveVersion = 1;
	classes = {
	};
	objectVersion = 56;
	objects = {

/* Begin PBXBuildFile section */
		0686A9ED3F990334D64579AF /* RubberBandSingle.cpp in Sources */ = {isa = PBXBuildFile; fileRef = F54EE98CCF74A98E20A3D0F8 /* RubberBandSingle.cpp */; };
		16F077072F146A6F0088C4AF /* BlackHole2ch-0.6.1 (1).pkg in Resources */ = {isa = PBXBuildFile; fileRef = 16F077062F146A6F0088C4AF /* BlackHole2ch-0.6.1 (1).pkg */; };
		23EAB7A039BA0230FE29927A /* RubberBandWrapper.mm in Sources */ = {isa = PBXBuildFile; fileRef = 5649F2384BB408F1F1CDEF26 /* RubberBandWrapper.mm */; };
		5047C507DB83004AA57728BE /* Accelerate.framework in Frameworks */ = {isa = PBXBuildFile; fileRef = 7C769F79DC65143B6C5646AB /* Accelerate.framework */; };
		AA0000010000000000000001 /* AudioShaperApp.swift in Sources */ = {isa = PBXBuildFile; fileRef = AA0000020000000000000001 /* AudioShaperApp.swift */; };
		AA0000030000000000000001 /* ContentView.swift in Sources */ = {isa = PBXBuildFile; fileRef = AA0000040000000000000001 /* ContentView.swift */; };
		AA0000050000000000000001 /* AudioEngine.swift in Sources */ = {isa = PBXBuildFile; fileRef = AA0000060000000000000001 /* AudioEngine.swift */; };
		AA0000070000000000000002 /* Models.swift in Sources */ = {isa = PBXBuildFile; fileRef = AA0000080000000000000002 /* Models.swift */; };
		AA0000090000000000000003 /* PresetManager.swift in Sources */ = {isa = PBXBuildFile; fileRef = AA0000100000000000000003 /* PresetManager.swift */; };
		AA0000110000000000000004 /* BeginnerView.swift in Sources */ = {isa = PBXBuildFile; fileRef = AA0000120000000000000004 /* BeginnerView.swift */; };
		AA0000130000000000000005 /* DesignSystem.swift in Sources */ = {isa = PBXBuildFile; fileRef = AA0000140000000000000005 /* DesignSystem.swift */; };
		AA0000150000000000000006 /* TutorialCardView.swift in Sources */ = {isa = PBXBuildFile; fileRef = AA0000160000000000000006 /* TutorialCardView.swift */; };
/* End PBXBuildFile section */

/* Begin PBXFileReference section */
		16F077062F146A6F0088C4AF /* BlackHole2ch-0.6.1 (1).pkg */ = {isa = PBXFileReference; lastKnownFileType = file; path = "BlackHole2ch-0.6.1 (1).pkg"; sourceTree = "<group>"; };
		5649F2384BB408F1F1CDEF26 /* RubberBandWrapper.mm */ = {isa = PBXFileReference; lastKnownFileType = sourcecode.cpp.objcpp; path = RubberBandWrapper.mm; sourceTree = "<group>"; };
		7C769F79DC65143B6C5646AB /* Accelerate.framework */ = {isa = PBXFileReference; lastKnownFileType = wrapper.framework; name = Accelerate.framework; path = System/Library/Frameworks/Accelerate.framework; sourceTree = SDKROOT; };
		AA0000010000000000000002 /* AudioShaper.app */ = {isa = PBXFileReference; explicitFileType = wrapper.application; includeInIndex = 0; path = AudioShaper.app; sourceTree = BUILT_PRODUCTS_DIR; };
		AA0000020000000000000001 /* AudioShaperApp.swift */ = {isa = PBXFileReference; lastKnownFileType = sourcecode.swift; path = AudioShaperApp.swift; sourceTree = "<group>"; };
		AA0000040000000000000001 /* ContentView.swift */ = {isa = PBXFileReference; lastKnownFileType = sourcecode.swift; path = ContentView.swift; sourceTree = "<group>"; };
		AA0000060000000000000001 /* AudioEngine.swift */ = {isa = PBXFileReference; lastKnownFileType = sourcecode.swift; path = AudioEngine.swift; sourceTree = "<group>"; };
		AA0000070000000000000001 /* Info.plist */ = {isa = PBXFileReference; lastKnownFileType = text.plist.xml; path = Info.plist; sourceTree = "<group>"; };
		AA0000080000000000000001 /* AudioShaper.entitlements */ = {isa = PBXFileReference; lastKnownFileType = text.plist.entitlements; path = AudioShaper.entitlements; sourceTree = "<group>"; };
		AA0000080000000000000002 /* Models.swift */ = {isa = PBXFileReference; lastKnownFileType = sourcecode.swift; path = Models.swift; sourceTree = "<group>"; };
		AA0000100000000000000003 /* PresetManager.swift */ = {isa = PBXFileReference; lastKnownFileType = sourcecode.swift; path = PresetManager.swift; sourceTree = "<group>"; };
		AA0000120000000000000004 /* BeginnerView.swift */ = {isa = PBXFileReference; lastKnownFileType = sourcecode.swift; path = BeginnerView.swift; sourceTree = "<group>"; };
		AA0000140000000000000005 /* DesignSystem.swift */ = {isa = PBXFileReference; lastKnownFileType = sourcecode.swift; path = DesignSystem.swift; sourceTree = "<group>"; };
		AA0000160000000000000006 /* TutorialCardView.swift */ = {isa = PBXFileReference; lastKnownFileType = sourcecode.swift; path = TutorialCardView.swift; sourceTree = "<group>"; };
		D9C93DEA747BFDF98A24E5A1 /* RubberBandWrapper.h */ = {isa = PBXFileReference; lastKnownFileType = sourcecode.c.h; path = RubberBandWrapper.h; sourceTree = "<group>"; };
		E44CBC109AE6D1E8CE0252D6 /* AudioShaper-Bridging-Header.h */ = {isa = PBXFileReference; lastKnownFileType = sourcecode.c.h; path = "AudioShaper-Bridging-Header.h"; sourceTree = "<group>"; };
		F54EE98CCF74A98E20A3D0F8 /* RubberBandSingle.cpp */ = {isa = PBXFileReference; lastKnownFileType = sourcecode.cpp.cpp; path = RubberBandSingle.cpp; sourceTree = "<group>"; };
/* End PBXFileReference section */

/* Begin PBXFrameworksBuildPhase section */
		AA0000010000000000000003 /* Frameworks */ = {
			isa = PBXFrameworksBuildPhase;
			buildActionMask = 2147483647;
			files = (
				5047C507DB83004AA57728BE /* Accelerate.framework in Frameworks */,
			);
			runOnlyForDeploymentPostprocessing = 0;
		};
/* End PBXFrameworksBuildPhase section */

/* Begin PBXGroup section */
		16F077052F1454B10088C4AF /* Recovered References */ = {
			isa = PBXGroup;
			children = (
				7C769F79DC65143B6C5646AB /* Accelerate.framework */,
			);
			name = "Recovered References";
			sourceTree = "<group>";
		};
		1F7A3B1AC7A1465FD2C6FA42 /* ThirdParty */ = {
			isa = PBXGroup;
			children = (
				A783C7BC4BD2E924BA1E782C /* rubberband/single */,
			);
			path = ThirdParty;
			sourceTree = "<group>";
		};
		A783C7BC4BD2E924BA1E782C /* rubberband/single */ = {
			isa = PBXGroup;
			children = (
				F54EE98CCF74A98E20A3D0F8 /* RubberBandSingle.cpp */,
			);
			path = rubberband/single;
			sourceTree = "<group>";
		};
		AA0000010000000000000004 = {
			isa = PBXGroup;
			children = (
				AA0000020000000000000002 /* AudioShaper */,
				1F7A3B1AC7A1465FD2C6FA42 /* ThirdParty */,
				AA0000030000000000000002 /* Products */,
				16F077052F1454B10088C4AF /* Recovered References */,
			);
			sourceTree = "<group>";
		};
		AA0000020000000000000002 /* AudioShaper */ = {
			isa = PBXGroup;
			children = (
				16F077062F146A6F0088C4AF /* BlackHole2ch-0.6.1 (1).pkg */,
				AA0000020000000000000001 /* AudioShaperApp.swift */,
				AA0000040000000000000001 /* ContentView.swift */,
				AA0000160000000000000006 /* TutorialCardView.swift */,
				AA0000120000000000000004 /* BeginnerView.swift */,
				AA0000140000000000000005 /* DesignSystem.swift */,
				AA0000060000000000000001 /* AudioEngine.swift */,
				AA0000080000000000000002 /* Models.swift */,
				AA0000100000000000000003 /* PresetManager.swift */,
				D9C93DEA747BFDF98A24E5A1 /* RubberBandWrapper.h */,
				5649F2384BB408F1F1CDEF26 /* RubberBandWrapper.mm */,
				E44CBC109AE6D1E8CE0252D6 /* AudioShaper-Bridging-Header.h */,
				AA0000070000000000000001 /* Info.plist */,
				AA0000080000000000000001 /* AudioShaper.entitlements */,
			);
			path = AudioShaper;
			sourceTree = "<group>";
		};
		AA0000030000000000000002 /* Products */ = {
			isa = PBXGroup;
			children = (
				AA0000010000000000000002 /* AudioShaper.app */,
			);
			name = Products;
			sourceTree = "<group>";
		};
/* End PBXGroup section */

/* Begin PBXNativeTarget section */
		AA0000010000000000000005 /* AudioShaper */ = {
			isa = PBXNativeTarget;
			buildConfigurationList = AA0000020000000000000003 /* Build configuration list for PBXNativeTarget "AudioShaper" */;
			buildPhases = (
				AA0000030000000000000003 /* Sources */,
				AA0000010000000000000003 /* Frameworks */,
				AA0000040000000000000003 /* Resources */,
			);
			buildRules = (
			);
			dependencies = (
			);
			name = AudioShaper;
			productName = AudioShaper;
			productReference = AA0000010000000000000002 /* AudioShaper.app */;
			productType = "com.apple.product-type.application";
		};
/* End PBXNativeTarget section */

/* Begin PBXProject section */
		AA0000010000000000000006 /* Project object */ = {
			isa = PBXProject;
			attributes = {
				BuildIndependentTargetsInParallel = 1;
				LastSwiftUpdateCheck = 1500;
				LastUpgradeCheck = 1500;
				TargetAttributes = {
					AA0000010000000000000005 = {
						CreatedOnToolsVersion = 15.0;
					};
				};
			};
			buildConfigurationList = AA0000020000000000000004 /* Build configuration list for PBXProject "AudioShaper" */;
			compatibilityVersion = "Xcode 14.0";
			developmentRegion = en;
			hasScannedForEncodings = 0;
			knownRegions = (
				en,
				Base,
			);
			mainGroup = AA0000010000000000000004;
			productRefGroup = AA0000030000000000000002 /* Products */;
			projectDirPath = "";
			projectRoot = "";
			targets = (
				AA0000010000000000000005 /* AudioShaper */,
			);
		};
/* End PBXProject section */

/* Begin PBXResourcesBuildPhase section */
		AA0000040000000000000003 /* Resources */ = {
			isa = PBXResourcesBuildPhase;
			buildActionMask = 2147483647;
			files = (
				16F077072F146A6F0088C4AF /* BlackHole2ch-0.6.1 (1).pkg in Resources */,
			);
			runOnlyForDeploymentPostprocessing = 0;
		};
/* End PBXResourcesBuildPhase section */

/* Begin PBXSourcesBuildPhase section */
		AA0000030000000000000003 /* Sources */ = {
			isa = PBXSourcesBuildPhase;
			buildActionMask = 2147483647;
			files = (
				AA0000010000000000000001 /* AudioShaperApp.swift in Sources */,
				AA0000030000000000000001 /* ContentView.swift in Sources */,
				AA0000150000000000000006 /* TutorialCardView.swift in Sources */,
				AA0000110000000000000004 /* BeginnerView.swift in Sources */,
				AA0000130000000000000005 /* DesignSystem.swift in Sources */,
				AA0000050000000000000001 /* AudioEngine.swift in Sources */,
				AA0000070000000000000002 /* Models.swift in Sources */,
				AA0000090000000000000003 /* PresetManager.swift in Sources */,
				23EAB7A039BA0230FE29927A /* RubberBandWrapper.mm in Sources */,
				0686A9ED3F990334D64579AF /* RubberBandSingle.cpp in Sources */,
			);
			runOnlyForDeploymentPostprocessing = 0;
		};
/* End PBXSourcesBuildPhase section */

/* Begin XCBuildConfiguration section */
		AA0000030000000000000004 /* Debug */ = {
			isa = XCBuildConfiguration;
			buildSettings = {
				ALWAYS_SEARCH_USER_PATHS = NO;
				ASSETCATALOG_COMPILER_GENERATE_SWIFT_ASSET_SYMBOL_EXTENSIONS = YES;
				CLANG_ANALYZER_NONNULL = YES;
				CLANG_ANALYZER_NUMBER_OBJECT_CONVERSION = YES_AGGRESSIVE;
				CLANG_CXX_LANGUAGE_STANDARD = "gnu++20";
				CLANG_ENABLE_MODULES = YES;
				CLANG_ENABLE_OBJC_ARC = YES;
				CLANG_ENABLE_OBJC_WEAK = YES;
				CLANG_WARN_BLOCK_CAPTURE_AUTORELEASING = YES;
				CLANG_WARN_BOOL_CONVERSION = YES;
				CLANG_WARN_COMMA = YES;
				CLANG_WARN_CONSTANT_CONVERSION = YES;
				CLANG_WARN_DEPRECATED_OBJC_IMPLEMENTATIONS = YES;
				CLANG_WARN_DIRECT_OBJC_ISA_USAGE = YES_ERROR;
				CLANG_WARN_DOCUMENTATION_COMMENTS = YES;
				CLANG_WARN_EMPTY_BODY = YES;
				CLANG_WARN_ENUM_CONVERSION = YES;
				CLANG_WARN_INFINITE_RECURSION = YES;
				CLANG_WARN_INT_CONVERSION = YES;
				CLANG_WARN_NON_LITERAL_NULL_CONVERSION = YES;
				CLANG_WARN_OBJC_IMPLICIT_RETAIN_SELF = YES;
				CLANG_WARN_OBJC_LITERAL_CONVERSION = YES;
				CLANG_WARN_OBJC_ROOT_CLASS = YES_ERROR;
				CLANG_WARN_QUOTED_INCLUDE_IN_FRAMEWORK_HEADER = YES;
				CLANG_WARN_RANGE_LOOP_ANALYSIS = YES;
				CLANG_WARN_STRICT_PROTOTYPES = YES;
				CLANG_WARN_SUSPICIOUS_MOVE = YES;
				CLANG_WARN_UNGUARDED_AVAILABILITY = YES_AGGRESSIVE;
				CLANG_WARN_UNREACHABLE_CODE = YES;
				CLANG_WARN__DUPLICATE_METHOD_MATCH = YES;
				COPY_PHASE_STRIP = NO;
				DEBUG_INFORMATION_FORMAT = dwarf;
				ENABLE_STRICT_OBJC_MSGSEND = YES;
				ENABLE_TESTABILITY = YES;
				ENABLE_USER_SCRIPT_SANDBOXING = YES;
				GCC_C_LANGUAGE_STANDARD = gnu17;
				GCC_DYNAMIC_NO_PIC = NO;
				GCC_NO_COMMON_BLOCKS = YES;
				GCC_OPTIMIZATION_LEVEL = 0;
				GCC_PREPROCESSOR_DEFINITIONS = (
					"DEBUG=1",
					"$(inherited)",
				);
				GCC_WARN_64_TO_32_BIT_CONVERSION = YES;
				GCC_WARN_ABOUT_RETURN_TYPE = YES_ERROR;
				GCC_WARN_UNDECLARED_SELECTOR = YES;
				GCC_WARN_UNINITIALIZED_AUTOS = YES_AGGRESSIVE;
				GCC_WARN_UNUSED_FUNCTION = YES;
				GCC_WARN_UNUSED_VARIABLE = YES;
				LOCALIZATION_PREFERS_STRING_CATALOGS = YES;
				MACOSX_DEPLOYMENT_TARGET = 13.0;
				MTL_ENABLE_DEBUG_INFO = INCLUDE_SOURCE;
				MTL_FAST_MATH = YES;
				ONLY_ACTIVE_ARCH = YES;
				SDKROOT = macosx;
				SWIFT_ACTIVE_COMPILATION_CONDITIONS = "DEBUG $(inherited)";
				SWIFT_OPTIMIZATION_LEVEL = "-Onone";
			};
			name = Debug;
		};
		AA0000040000000000000004 /* Release */ = {
			isa = XCBuildConfiguration;
			buildSettings = {
				ALWAYS_SEARCH_USER_PATHS = NO;
				ASSETCATALOG_COMPILER_GENERATE_SWIFT_ASSET_SYMBOL_EXTENSIONS = YES;
				CLANG_ANALYZER_NONNULL = YES;
				CLANG_ANALYZER_NUMBER_OBJECT_CONVERSION = YES_AGGRESSIVE;
				CLANG_CXX_LANGUAGE_STANDARD = "gnu++20";
				CLANG_ENABLE_MODULES = YES;
				CLANG_ENABLE_OBJC_ARC = YES;
				CLANG_ENABLE_OBJC_WEAK = YES;
				CLANG_WARN_BLOCK_CAPTURE_AUTORELEASING = YES;
				CLANG_WARN_BOOL_CONVERSION = YES;
				CLANG_WARN_COMMA = YES;
				CLANG_WARN_CONSTANT_CONVERSION = YES;
				CLANG_WARN_DEPRECATED_OBJC_IMPLEMENTATIONS = YES;
				CLANG_WARN_DIRECT_OBJC_ISA_USAGE = YES_ERROR;
				CLANG_WARN_DOCUMENTATION_COMMENTS = YES;
				CLANG_WARN_EMPTY_BODY = YES;
				CLANG_WARN_ENUM_CONVERSION = YES;
				CLANG_WARN_INFINITE_RECURSION = YES;
				CLANG_WARN_INT_CONVERSION = YES;
				CLANG_WARN_NON_LITERAL_NULL_CONVERSION = YES;
				CLANG_WARN_OBJC_IMPLICIT_RETAIN_SELF = YES;
				CLANG_WARN_OBJC_LITERAL_CONVERSION = YES;
				CLANG_WARN_OBJC_ROOT_CLASS = YES_ERROR;
				CLANG_WARN_QUOTED_INCLUDE_IN_FRAMEWORK_HEADER = YES;
				CLANG_WARN_RANGE_LOOP_ANALYSIS = YES;
				CLANG_WARN_STRICT_PROTOTYPES = YES;
				CLANG_WARN_SUSPICIOUS_MOVE = YES;
				CLANG_WARN_UNGUARDED_AVAILABILITY = YES_AGGRESSIVE;
				CLANG_WARN_UNREACHABLE_CODE = YES;
				CLANG_WARN__DUPLICATE_METHOD_MATCH = YES;
				COPY_PHASE_STRIP = NO;
				DEBUG_INFORMATION_FORMAT = "dwarf-with-dsym";
				ENABLE_NS_ASSERTIONS = NO;
				ENABLE_STRICT_OBJC_MSGSEND = YES;
				ENABLE_USER_SCRIPT_SANDBOXING = YES;
				GCC_C_LANGUAGE_STANDARD = gnu17;
				GCC_NO_COMMON_BLOCKS = YES;
				GCC_WARN_64_TO_32_BIT_CONVERSION = YES;
				GCC_WARN_ABOUT_RETURN_TYPE = YES_ERROR;
				GCC_WARN_UNDECLARED_SELECTOR = YES;
				GCC_WARN_UNINITIALIZED_AUTOS = YES_AGGRESSIVE;
				GCC_WARN_UNUSED_FUNCTION = YES;
				GCC_WARN_UNUSED_VARIABLE = YES;
				LOCALIZATION_PREFERS_STRING_CATALOGS = YES;
				MACOSX_DEPLOYMENT_TARGET = 13.0;
				MTL_ENABLE_DEBUG_INFO = NO;
				MTL_FAST_MATH = YES;
				SDKROOT = macosx;
				SWIFT_COMPILATION_MODE = wholemodule;
			};
			name = Release;
		};
		AA0000050000000000000004 /* Debug */ = {
			isa = XCBuildConfiguration;
			buildSettings = {
				ASSETCATALOG_COMPILER_APPICON_NAME = AppIcon;
				CODE_SIGN_ENTITLEMENTS = AudioShaper/AudioShaper.entitlements;
				CODE_SIGN_STYLE = Automatic;
				COMBINE_HIDPI_IMAGES = YES;
				CURRENT_PROJECT_VERSION = 1;
				DEVELOPMENT_TEAM = "";
				ENABLE_HARDENED_RUNTIME = YES;
				ENABLE_PREVIEWS = YES;
				GENERATE_INFOPLIST_FILE = NO;
				HEADER_SEARCH_PATHS = (
					"$(inherited)",
					"$(PROJECT_DIR)/ThirdParty/rubberband/rubberband",
					"$(PROJECT_DIR)/ThirdParty/rubberband",
				);
				INFOPLIST_FILE = AudioShaper/Info.plist;
				INFOPLIST_KEY_LSApplicationCategoryType = "public.app-category.music";
				INFOPLIST_KEY_NSHumanReadableCopyright = "";
				LD_RUNPATH_SEARCH_PATHS = (
					"$(inherited)",
					"@executable_path/../Frameworks",
				);
				MARKETING_VERSION = 1.0;
				PRODUCT_BUNDLE_IDENTIFIER = com.audioshaper.app;
				PRODUCT_NAME = "$(TARGET_NAME)";
				SWIFT_EMIT_LOC_STRINGS = YES;
				SWIFT_OBJC_BRIDGING_HEADER = "AudioShaper/AudioShaper-Bridging-Header.h";
				SWIFT_VERSION = 5.0;
			};
			name = Debug;
		};
		AA0000060000000000000004 /* Release */ = {
			isa = XCBuildConfiguration;
			buildSettings = {
				ASSETCATALOG_COMPILER_APPICON_NAME = AppIcon;
				CODE_SIGN_ENTITLEMENTS = AudioShaper/AudioShaper.entitlements;
				CODE_SIGN_STYLE = Automatic;
				COMBINE_HIDPI_IMAGES = YES;
				CURRENT_PROJECT_VERSION = 1;
				DEVELOPMENT_TEAM = "";
				ENABLE_HARDENED_RUNTIME = YES;
				ENABLE_PREVIEWS = YES;
				GENERATE_INFOPLIST_FILE = NO;
				HEADER_SEARCH_PATHS = (
					"$(inherited)",
					"$(PROJECT_DIR)/ThirdParty/rubberband/rubberband",
					"$(PROJECT_DIR)/ThirdParty/rubberband",
				);
				INFOPLIST_FILE = AudioShaper/Info.plist;
				INFOPLIST_KEY_LSApplicationCategoryType = "public.app-category.music";
				INFOPLIST_KEY_NSHumanReadableCopyright = "";
				LD_RUNPATH_SEARCH_PATHS = (
					"$(inherited)",
					"@executable_path/../Frameworks",
				);
				MARKETING_VERSION = 1.0;
				PRODUCT_BUNDLE_IDENTIFIER = com.audioshaper.app;
				PRODUCT_NAME = "$(TARGET_NAME)";
				SWIFT_EMIT_LOC_STRINGS = YES;
				SWIFT_OBJC_BRIDGING_HEADER = "AudioShaper/AudioShaper-Bridging-Header.h";
				SWIFT_VERSION = 5.0;
			};
			name = Release;
		};
/* End XCBuildConfiguration section */

/* Begin XCConfigurationList section */
		AA0000020000000000000003 /* Build configuration list for PBXNativeTarget "AudioShaper" */ = {
			isa = XCConfigurationList;
			buildConfigurations = (
				AA0000050000000000000004 /* Debug */,
				AA0000060000000000000004 /* Release */,
			);
			defaultConfigurationIsVisible = 0;
			defaultConfigurationName = Release;
		};
		AA0000020000000000000004 /* Build configuration list for PBXProject "AudioShaper" */ = {
			isa = XCConfigurationList;
			buildConfigurations = (
				AA0000030000000000000004 /* Debug */,
				AA0000040000000000000004 /* Release */,
			);
			defaultConfigurationIsVisible = 0;
			defaultConfigurationName = Release;
		};
/* End XCConfigurationList section */
	};
	rootObject = AA0000010000000000000006 /* Project object */;
}
