// !$*UTF8*$!
{
	archiveVersion = 1;
	classes = {
	};
	objectVersion = 56;
	objects = {

/* Begin PBXBuildFile section */
		AA0000010000000000000001 /* AudioShaperApp.swift in Sources */ = {isa = PBXBuildFile; fileRef = AA0000020000000000000001 /* AudioShaperApp.swift */; };
		AA0000030000000000000001 /* ContentView.swift in Sources */ = {isa = PBXBuildFile; fileRef = AA0000040000000000000001 /* ContentView.swift */; };
		AA0000050000000000000001 /* AudioEngine.swift in Sources */ = {isa = PBXBuildFile; fileRef = AA0000060000000000000001 /* AudioEngine.swift */; };
		AA0000070000000000000002 /* Models.swift in Sources */ = {isa = PBXBuildFile; fileRef = AA0000080000000000000002 /* Models.swift */; };
		AA0000090000000000000003 /* PresetManager.swift in Sources */ = {isa = PBXBuildFile; fileRef = AA0000100000000000000003 /* PresetManager.swift */; };
		AA0000110000000000000004 /* BeginnerView.swift in Sources */ = {isa = PBXBuildFile; fileRef = AA0000120000000000000004 /* BeginnerView.swift */; };
		AA0000130000000000000005 /* DesignSystem.swift in Sources */ = {isa = PBXBuildFile; fileRef = AA0000140000000000000005 /* DesignSystem.swift */; };
		C63C1A55CF461A7F36555808 /* AAFilter.cpp in Sources */ = {isa = PBXBuildFile; fileRef = AA149691A4DB6F418DAE1A1F /* AAFilter.cpp */; };
		33E91E763C33D8F31218F30C /* BPMDetect.cpp in Sources */ = {isa = PBXBuildFile; fileRef = 6C0D51379D3A56F7AD89238B /* BPMDetect.cpp */; };
		0D1D4C1D996B66D89EBE87F7 /* FIFOSampleBuffer.cpp in Sources */ = {isa = PBXBuildFile; fileRef = 1FA38020639AF6FF651CEE58 /* FIFOSampleBuffer.cpp */; };
		2B6969E0CCA40548822B228A /* FIRFilter.cpp in Sources */ = {isa = PBXBuildFile; fileRef = DEF4F2DF93798AF2432F15BF /* FIRFilter.cpp */; };
		3A31265293541F378C39EC66 /* InterpolateCubic.cpp in Sources */ = {isa = PBXBuildFile; fileRef = C59AC4BB2A4A907F39124C2C /* InterpolateCubic.cpp */; };
		BB7E1D1FDDDE8BA8539E3FD1 /* InterpolateLinear.cpp in Sources */ = {isa = PBXBuildFile; fileRef = 7660C77BBD7B4D2EDE1288E2 /* InterpolateLinear.cpp */; };
		AA611E9E927E52DEB29C1178 /* InterpolateShannon.cpp in Sources */ = {isa = PBXBuildFile; fileRef = 6CB91814587C80C2BA22B5CA /* InterpolateShannon.cpp */; };
		5D4BE39A81BFE31746FBA0F7 /* PeakFinder.cpp in Sources */ = {isa = PBXBuildFile; fileRef = AD9421F1847720CE2283E52A /* PeakFinder.cpp */; };
		40A0E9E7DF3FEDB0F7179F4A /* RateTransposer.cpp in Sources */ = {isa = PBXBuildFile; fileRef = B2CDF09CD090FE118C112DB7 /* RateTransposer.cpp */; };
		E5A2ABADD48DB35CC3F84248 /* TDStretch.cpp in Sources */ = {isa = PBXBuildFile; fileRef = 9EA47853E5A12AC1DFE8A0BD /* TDStretch.cpp */; };
		77753FC865064A1776FD6795 /* cpu_detect_x86.cpp in Sources */ = {isa = PBXBuildFile; fileRef = FE10C6BB4D86F20AA3E181AD /* cpu_detect_x86.cpp */; };
		8AF346CAF9255E2D67C78319 /* mmx_optimized.cpp in Sources */ = {isa = PBXBuildFile; fileRef = 954DED8DC5D1D9B487EF9BB5 /* mmx_optimized.cpp */; };
		F57DFFBCD7B8835E53DCE8BE /* sse_optimized.cpp in Sources */ = {isa = PBXBuildFile; fileRef = 8DFFE05F9C48334F037EE380 /* sse_optimized.cpp */; };
		23EAB7A039BA0230FE29927A /* RubberBandWrapper.mm in Sources */ = {isa = PBXBuildFile; fileRef = 5649F2384BB408F1F1CDEF26 /* RubberBandWrapper.mm */; };
		0686A9ED3F990334D64579AF /* RubberBandSingle.cpp in Sources */ = {isa = PBXBuildFile; fileRef = F54EE98CCF74A98E20A3D0F8 /* RubberBandSingle.cpp */; };
		5047C507DB83004AA57728BE /* Accelerate.framework in Frameworks */ = {isa = PBXBuildFile; fileRef = 7C769F79DC65143B6C5646AB /* Accelerate.framework */; };
/* End PBXBuildFile section */

/* Begin PBXFileReference section */
		AA0000010000000000000002 /* AudioShaper.app */ = {isa = PBXFileReference; explicitFileType = wrapper.application; includeInIndex = 0; path = AudioShaper.app; sourceTree = BUILT_PRODUCTS_DIR; };
		AA0000020000000000000001 /* AudioShaperApp.swift */ = {isa = PBXFileReference; lastKnownFileType = sourcecode.swift; path = AudioShaperApp.swift; sourceTree = "<group>"; };
		AA0000040000000000000001 /* ContentView.swift */ = {isa = PBXFileReference; lastKnownFileType = sourcecode.swift; path = ContentView.swift; sourceTree = "<group>"; };
		AA0000060000000000000001 /* AudioEngine.swift */ = {isa = PBXFileReference; lastKnownFileType = sourcecode.swift; path = AudioEngine.swift; sourceTree = "<group>"; };
		AA0000070000000000000001 /* Info.plist */ = {isa = PBXFileReference; lastKnownFileType = text.plist.xml; path = Info.plist; sourceTree = "<group>"; };
		AA0000080000000000000001 /* AudioShaper.entitlements */ = {isa = PBXFileReference; lastKnownFileType = text.plist.entitlements; path = AudioShaper.entitlements; sourceTree = "<group>"; };
		AA0000080000000000000002 /* Models.swift */ = {isa = PBXFileReference; lastKnownFileType = sourcecode.swift; path = Models.swift; sourceTree = "<group>"; };
		AA0000100000000000000003 /* PresetManager.swift */ = {isa = PBXFileReference; lastKnownFileType = sourcecode.swift; path = PresetManager.swift; sourceTree = "<group>"; };
		AA0000120000000000000004 /* BeginnerView.swift */ = {isa = PBXFileReference; lastKnownFileType = sourcecode.swift; path = BeginnerView.swift; sourceTree = "<group>"; };
		AA0000140000000000000005 /* DesignSystem.swift */ = {isa = PBXFileReference; lastKnownFileType = sourcecode.swift; path = DesignSystem.swift; sourceTree = "<group>"; };
		E44CBC109AE6D1E8CE0252D6 /* AudioShaper-Bridging-Header.h */ = {isa = PBXFileReference; lastKnownFileType = sourcecode.c.h; path = "AudioShaper-Bridging-Header.h"; sourceTree = "<group>"; };
		D9C93DEA747BFDF98A24E5A1 /* RubberBandWrapper.h */ = {isa = PBXFileReference; lastKnownFileType = sourcecode.c.h; path = RubberBandWrapper.h; sourceTree = "<group>"; };
		5649F2384BB408F1F1CDEF26 /* RubberBandWrapper.mm */ = {isa = PBXFileReference; lastKnownFileType = sourcecode.cpp.objcpp; path = RubberBandWrapper.mm; sourceTree = "<group>"; };
		F54EE98CCF74A98E20A3D0F8 /* RubberBandSingle.cpp */ = {isa = PBXFileReference; lastKnownFileType = sourcecode.cpp.cpp; path = RubberBandSingle.cpp; sourceTree = "<group>"; };
		7C769F79DC65143B6C5646AB /* Accelerate.framework */ = {isa = PBXFileReference; lastKnownFileType = wrapper.framework; name = Accelerate.framework; path = System/Library/Frameworks/Accelerate.framework; sourceTree = SDKROOT; };
		AA149691A4DB6F418DAE1A1F /* AAFilter.cpp */ = {isa = PBXFileReference; lastKnownFileType = sourcecode.cpp.cpp; path = AAFilter.cpp; sourceTree = "<group>"; };
		6C0D51379D3A56F7AD89238B /* BPMDetect.cpp */ = {isa = PBXFileReference; lastKnownFileType = sourcecode.cpp.cpp; path = BPMDetect.cpp; sourceTree = "<group>"; };
		1FA38020639AF6FF651CEE58 /* FIFOSampleBuffer.cpp */ = {isa = PBXFileReference; lastKnownFileType = sourcecode.cpp.cpp; path = FIFOSampleBuffer.cpp; sourceTree = "<group>"; };
		DEF4F2DF93798AF2432F15BF /* FIRFilter.cpp */ = {isa = PBXFileReference; lastKnownFileType = sourcecode.cpp.cpp; path = FIRFilter.cpp; sourceTree = "<group>"; };
		C59AC4BB2A4A907F39124C2C /* InterpolateCubic.cpp */ = {isa = PBXFileReference; lastKnownFileType = sourcecode.cpp.cpp; path = InterpolateCubic.cpp; sourceTree = "<group>"; };
		7660C77BBD7B4D2EDE1288E2 /* InterpolateLinear.cpp */ = {isa = PBXFileReference; lastKnownFileType = sourcecode.cpp.cpp; path = InterpolateLinear.cpp; sourceTree = "<group>"; };
		6CB91814587C80C2BA22B5CA /* InterpolateShannon.cpp */ = {isa = PBXFileReference; lastKnownFileType = sourcecode.cpp.cpp; path = InterpolateShannon.cpp; sourceTree = "<group>"; };
		AD9421F1847720CE2283E52A /* PeakFinder.cpp */ = {isa = PBXFileReference; lastKnownFileType = sourcecode.cpp.cpp; path = PeakFinder.cpp; sourceTree = "<group>"; };
		B2CDF09CD090FE118C112DB7 /* RateTransposer.cpp */ = {isa = PBXFileReference; lastKnownFileType = sourcecode.cpp.cpp; path = RateTransposer.cpp; sourceTree = "<group>"; };
		9EA47853E5A12AC1DFE8A0BD /* TDStretch.cpp */ = {isa = PBXFileReference; lastKnownFileType = sourcecode.cpp.cpp; path = TDStretch.cpp; sourceTree = "<group>"; };
		FE10C6BB4D86F20AA3E181AD /* cpu_detect_x86.cpp */ = {isa = PBXFileReference; lastKnownFileType = sourcecode.cpp.cpp; path = cpu_detect_x86.cpp; sourceTree = "<group>"; };
		954DED8DC5D1D9B487EF9BB5 /* mmx_optimized.cpp */ = {isa = PBXFileReference; lastKnownFileType = sourcecode.cpp.cpp; path = mmx_optimized.cpp; sourceTree = "<group>"; };
		8DFFE05F9C48334F037EE380 /* sse_optimized.cpp */ = {isa = PBXFileReference; lastKnownFileType = sourcecode.cpp.cpp; path = sse_optimized.cpp; sourceTree = "<group>"; };
/* End PBXFileReference section */

/* Begin PBXFrameworksBuildPhase section */
		AA0000010000000000000003 /* Frameworks */ = {
			isa = PBXFrameworksBuildPhase;
			buildActionMask = 2147483647;
			files = (
				5047C507DB83004AA57728BE /* Accelerate.framework in Frameworks */,
			);
			runOnlyForDeploymentPostprocessing = 0;
		};
/* End PBXFrameworksBuildPhase section */

/* Begin PBXGroup section */
		AA0000010000000000000004 = {
			isa = PBXGroup;
			children = (
				AA0000020000000000000002 /* AudioShaper */,
				1F7A3B1AC7A1465FD2C6FA42 /* ThirdParty */,
				AA0000030000000000000002 /* Products */,
			);
			sourceTree = "<group>";
		};
		AA0000020000000000000002 /* AudioShaper */ = {
			isa = PBXGroup;
			children = (
				AA0000020000000000000001 /* AudioShaperApp.swift */,
				AA0000040000000000000001 /* ContentView.swift */,
				AA0000120000000000000004 /* BeginnerView.swift */,
				AA0000140000000000000005 /* DesignSystem.swift */,
				AA0000060000000000000001 /* AudioEngine.swift */,
				AA0000080000000000000002 /* Models.swift */,
				AA0000100000000000000003 /* PresetManager.swift */,
				D9C93DEA747BFDF98A24E5A1 /* RubberBandWrapper.h */,
				5649F2384BB408F1F1CDEF26 /* RubberBandWrapper.mm */,
				E44CBC109AE6D1E8CE0252D6 /* AudioShaper-Bridging-Header.h */,
				AA0000070000000000000001 /* Info.plist */,
				AA0000080000000000000001 /* AudioShaper.entitlements */,
			);
			path = AudioShaper;
			sourceTree = "<group>";
		};
		1F7A3B1AC7A1465FD2C6FA42 /* ThirdParty */ = {
			isa = PBXGroup;
			children = (
				A783C7BC4BD2E924BA1E782C /* RubberBand */,
			);
			path = ThirdParty;
			sourceTree = "<group>";
		};
		A783C7BC4BD2E924BA1E782C /* RubberBand */ = {
			isa = PBXGroup;
			children = (
				F54EE98CCF74A98E20A3D0F8 /* RubberBandSingle.cpp */,
			);
			path = rubberband/single;
			sourceTree = "<group>";
		};
		AA0000030000000000000002 /* Products */ = {
			isa = PBXGroup;
			children = (
				AA0000010000000000000002 /* AudioShaper.app */,
			);
			name = Products;
			sourceTree = "<group>";
		};
/* End PBXGroup section */

/* Begin PBXNativeTarget section */
		AA0000010000000000000005 /* AudioShaper */ = {
			isa = PBXNativeTarget;
			buildConfigurationList = AA0000020000000000000003 /* Build configuration list for PBXNativeTarget "AudioShaper" */;
			buildPhases = (
				AA0000030000000000000003 /* Sources */,
				AA0000010000000000000003 /* Frameworks */,
				AA0000040000000000000003 /* Resources */,
			);
			buildRules = (
			);
			dependencies = (
			);
			name = AudioShaper;
			productName = AudioShaper;
			productReference = AA0000010000000000000002 /* AudioShaper.app */;
			productType = "com.apple.product-type.application";
		};
/* End PBXNativeTarget section */

/* Begin PBXProject section */
		AA0000010000000000000006 /* Project object */ = {
			isa = PBXProject;
			attributes = {
				BuildIndependentTargetsInParallel = 1;
				LastSwiftUpdateCheck = 1500;
				LastUpgradeCheck = 1500;
				TargetAttributes = {
					AA0000010000000000000005 = {
						CreatedOnToolsVersion = 15.0;
					};
				};
			};
			buildConfigurationList = AA0000020000000000000004 /* Build configuration list for PBXProject "AudioShaper" */;
			compatibilityVersion = "Xcode 14.0";
			developmentRegion = en;
			hasScannedForEncodings = 0;
			knownRegions = (
				en,
				Base,
			);
			mainGroup = AA0000010000000000000004;
			productRefGroup = AA0000030000000000000002 /* Products */;
			projectDirPath = "";
			projectRoot = "";
			targets = (
				AA0000010000000000000005 /* AudioShaper */,
			);
		};
/* End PBXProject section */

/* Begin PBXResourcesBuildPhase section */
		AA0000040000000000000003 /* Resources */ = {
			isa = PBXResourcesBuildPhase;
			buildActionMask = 2147483647;
			files = (
			);
			runOnlyForDeploymentPostprocessing = 0;
		};
/* End PBXResourcesBuildPhase section */

/* Begin PBXSourcesBuildPhase section */
		AA0000030000000000000003 /* Sources */ = {
			isa = PBXSourcesBuildPhase;
			buildActionMask = 2147483647;
			files = (
				AA0000010000000000000001 /* AudioShaperApp.swift in Sources */,
				AA0000030000000000000001 /* ContentView.swift in Sources */,
				AA0000110000000000000004 /* BeginnerView.swift in Sources */,
				AA0000130000000000000005 /* DesignSystem.swift in Sources */,
				AA0000050000000000000001 /* AudioEngine.swift in Sources */,
				AA0000070000000000000002 /* Models.swift in Sources */,
				AA0000090000000000000003 /* PresetManager.swift in Sources */,
				23EAB7A039BA0230FE29927A /* RubberBandWrapper.mm in Sources */,
				0686A9ED3F990334D64579AF /* RubberBandSingle.cpp in Sources */,
			);
			runOnlyForDeploymentPostprocessing = 0;
		};
/* End PBXSourcesBuildPhase section */

/* Begin XCBuildConfiguration section */
		AA0000030000000000000004 /* Debug */ = {
			isa = XCBuildConfiguration;
			buildSettings = {
				ALWAYS_SEARCH_USER_PATHS = NO;
				ASSETCATALOG_COMPILER_GENERATE_SWIFT_ASSET_SYMBOL_EXTENSIONS = YES;
				CLANG_ANALYZER_NONNULL = YES;
				CLANG_ANALYZER_NUMBER_OBJECT_CONVERSION = YES_AGGRESSIVE;
				CLANG_CXX_LANGUAGE_STANDARD = "gnu++20";
				CLANG_ENABLE_MODULES = YES;
				CLANG_ENABLE_OBJC_ARC = YES;
				CLANG_ENABLE_OBJC_WEAK = YES;
				CLANG_WARN_BLOCK_CAPTURE_AUTORELEASING = YES;
				CLANG_WARN_BOOL_CONVERSION = YES;
				CLANG_WARN_COMMA = YES;
				CLANG_WARN_CONSTANT_CONVERSION = YES;
				CLANG_WARN_DEPRECATED_OBJC_IMPLEMENTATIONS = YES;
				CLANG_WARN_DIRECT_OBJC_ISA_USAGE = YES_ERROR;
				CLANG_WARN_DOCUMENTATION_COMMENTS = YES;
				CLANG_WARN_EMPTY_BODY = YES;
				CLANG_WARN_ENUM_CONVERSION = YES;
				CLANG_WARN_INFINITE_RECURSION = YES;
				CLANG_WARN_INT_CONVERSION = YES;
				CLANG_WARN_NON_LITERAL_NULL_CONVERSION = YES;
				CLANG_WARN_OBJC_IMPLICIT_RETAIN_SELF = YES;
				CLANG_WARN_OBJC_LITERAL_CONVERSION = YES;
				CLANG_WARN_OBJC_ROOT_CLASS = YES_ERROR;
				CLANG_WARN_QUOTED_INCLUDE_IN_FRAMEWORK_HEADER = YES;
				CLANG_WARN_RANGE_LOOP_ANALYSIS = YES;
				CLANG_WARN_STRICT_PROTOTYPES = YES;
				CLANG_WARN_SUSPICIOUS_MOVE = YES;
				CLANG_WARN_UNGUARDED_AVAILABILITY = YES_AGGRESSIVE;
				CLANG_WARN_UNREACHABLE_CODE = YES;
				CLANG_WARN__DUPLICATE_METHOD_MATCH = YES;
				COPY_PHASE_STRIP = NO;
				DEBUG_INFORMATION_FORMAT = dwarf;
				ENABLE_STRICT_OBJC_MSGSEND = YES;
				ENABLE_TESTABILITY = YES;
				ENABLE_USER_SCRIPT_SANDBOXING = YES;
				GCC_C_LANGUAGE_STANDARD = gnu17;
				GCC_DYNAMIC_NO_PIC = NO;
				GCC_NO_COMMON_BLOCKS = YES;
				GCC_OPTIMIZATION_LEVEL = 0;
				GCC_PREPROCESSOR_DEFINITIONS = (
					"DEBUG=1",
					"$(inherited)",
				);
				GCC_WARN_64_TO_32_BIT_CONVERSION = YES;
				GCC_WARN_ABOUT_RETURN_TYPE = YES_ERROR;
				GCC_WARN_UNDECLARED_SELECTOR = YES;
				GCC_WARN_UNINITIALIZED_AUTOS = YES_AGGRESSIVE;
				GCC_WARN_UNUSED_FUNCTION = YES;
				GCC_WARN_UNUSED_VARIABLE = YES;
				LOCALIZATION_PREFERS_STRING_CATALOGS = YES;
				MACOSX_DEPLOYMENT_TARGET = 13.0;
				MTL_ENABLE_DEBUG_INFO = INCLUDE_SOURCE;
				MTL_FAST_MATH = YES;
				ONLY_ACTIVE_ARCH = YES;
				SDKROOT = macosx;
				SWIFT_ACTIVE_COMPILATION_CONDITIONS = "DEBUG $(inherited)";
				SWIFT_OPTIMIZATION_LEVEL = "-Onone";
			};
			name = Debug;
		};
		AA0000040000000000000004 /* Release */ = {
			isa = XCBuildConfiguration;
			buildSettings = {
				ALWAYS_SEARCH_USER_PATHS = NO;
				ASSETCATALOG_COMPILER_GENERATE_SWIFT_ASSET_SYMBOL_EXTENSIONS = YES;
				CLANG_ANALYZER_NONNULL = YES;
				CLANG_ANALYZER_NUMBER_OBJECT_CONVERSION = YES_AGGRESSIVE;
				CLANG_CXX_LANGUAGE_STANDARD = "gnu++20";
				CLANG_ENABLE_MODULES = YES;
				CLANG_ENABLE_OBJC_ARC = YES;
				CLANG_ENABLE_OBJC_WEAK = YES;
				CLANG_WARN_BLOCK_CAPTURE_AUTORELEASING = YES;
				CLANG_WARN_BOOL_CONVERSION = YES;
				CLANG_WARN_COMMA = YES;
				CLANG_WARN_CONSTANT_CONVERSION = YES;
				CLANG_WARN_DEPRECATED_OBJC_IMPLEMENTATIONS = YES;
				CLANG_WARN_DIRECT_OBJC_ISA_USAGE = YES_ERROR;
				CLANG_WARN_DOCUMENTATION_COMMENTS = YES;
				CLANG_WARN_EMPTY_BODY = YES;
				CLANG_WARN_ENUM_CONVERSION = YES;
				CLANG_WARN_INFINITE_RECURSION = YES;
				CLANG_WARN_INT_CONVERSION = YES;
				CLANG_WARN_NON_LITERAL_NULL_CONVERSION = YES;
				CLANG_WARN_OBJC_IMPLICIT_RETAIN_SELF = YES;
				CLANG_WARN_OBJC_LITERAL_CONVERSION = YES;
				CLANG_WARN_OBJC_ROOT_CLASS = YES_ERROR;
				CLANG_WARN_QUOTED_INCLUDE_IN_FRAMEWORK_HEADER = YES;
				CLANG_WARN_RANGE_LOOP_ANALYSIS = YES;
				CLANG_WARN_STRICT_PROTOTYPES = YES;
				CLANG_WARN_SUSPICIOUS_MOVE = YES;
				CLANG_WARN_UNGUARDED_AVAILABILITY = YES_AGGRESSIVE;
				CLANG_WARN_UNREACHABLE_CODE = YES;
				CLANG_WARN__DUPLICATE_METHOD_MATCH = YES;
				COPY_PHASE_STRIP = NO;
				DEBUG_INFORMATION_FORMAT = "dwarf-with-dsym";
				ENABLE_NS_ASSERTIONS = NO;
				ENABLE_STRICT_OBJC_MSGSEND = YES;
				ENABLE_USER_SCRIPT_SANDBOXING = YES;
				GCC_C_LANGUAGE_STANDARD = gnu17;
				GCC_NO_COMMON_BLOCKS = YES;
				GCC_WARN_64_TO_32_BIT_CONVERSION = YES;
				GCC_WARN_ABOUT_RETURN_TYPE = YES_ERROR;
				GCC_WARN_UNDECLARED_SELECTOR = YES;
				GCC_WARN_UNINITIALIZED_AUTOS = YES_AGGRESSIVE;
				GCC_WARN_UNUSED_FUNCTION = YES;
				GCC_WARN_UNUSED_VARIABLE = YES;
				LOCALIZATION_PREFERS_STRING_CATALOGS = YES;
				MACOSX_DEPLOYMENT_TARGET = 13.0;
				MTL_ENABLE_DEBUG_INFO = NO;
				MTL_FAST_MATH = YES;
				SDKROOT = macosx;
				SWIFT_COMPILATION_MODE = wholemodule;
			};
			name = Release;
		};
		AA0000050000000000000004 /* Debug */ = {
			isa = XCBuildConfiguration;
			buildSettings = {
				ASSETCATALOG_COMPILER_APPICON_NAME = AppIcon;
				CODE_SIGN_ENTITLEMENTS = AudioShaper/AudioShaper.entitlements;
				CODE_SIGN_STYLE = Automatic;
				COMBINE_HIDPI_IMAGES = YES;
				CURRENT_PROJECT_VERSION = 1;
				DEVELOPMENT_TEAM = "";
				ENABLE_HARDENED_RUNTIME = YES;
				ENABLE_PREVIEWS = YES;
				GENERATE_INFOPLIST_FILE = NO;
				INFOPLIST_FILE = AudioShaper/Info.plist;
				INFOPLIST_KEY_LSApplicationCategoryType = "public.app-category.music";
				INFOPLIST_KEY_NSHumanReadableCopyright = "";
				HEADER_SEARCH_PATHS = (
					"$(inherited)",
					"$(PROJECT_DIR)/ThirdParty/rubberband/rubberband",
					"$(PROJECT_DIR)/ThirdParty/rubberband",
				);
				LD_RUNPATH_SEARCH_PATHS = (
					"$(inherited)",
					"@executable_path/../Frameworks",
				);
				MARKETING_VERSION = 1.0;
				PRODUCT_BUNDLE_IDENTIFIER = com.audioshaper.app;
				PRODUCT_NAME = "$(TARGET_NAME)";
				SWIFT_OBJC_BRIDGING_HEADER = AudioShaper/AudioShaper-Bridging-Header.h;
				SWIFT_EMIT_LOC_STRINGS = YES;
				SWIFT_VERSION = 5.0;
			};
			name = Debug;
		};
		AA0000060000000000000004 /* Release */ = {
			isa = XCBuildConfiguration;
			buildSettings = {
				ASSETCATALOG_COMPILER_APPICON_NAME = AppIcon;
				CODE_SIGN_ENTITLEMENTS = AudioShaper/AudioShaper.entitlements;
				CODE_SIGN_STYLE = Automatic;
				COMBINE_HIDPI_IMAGES = YES;
				CURRENT_PROJECT_VERSION = 1;
				DEVELOPMENT_TEAM = "";
				ENABLE_HARDENED_RUNTIME = YES;
				ENABLE_PREVIEWS = YES;
				GENERATE_INFOPLIST_FILE = NO;
				INFOPLIST_FILE = AudioShaper/Info.plist;
				INFOPLIST_KEY_LSApplicationCategoryType = "public.app-category.music";
				INFOPLIST_KEY_NSHumanReadableCopyright = "";
				HEADER_SEARCH_PATHS = (
					"$(inherited)",
					"$(PROJECT_DIR)/ThirdParty/rubberband/rubberband",
					"$(PROJECT_DIR)/ThirdParty/rubberband",
				);
				LD_RUNPATH_SEARCH_PATHS = (
					"$(inherited)",
					"@executable_path/../Frameworks",
				);
				MARKETING_VERSION = 1.0;
				PRODUCT_BUNDLE_IDENTIFIER = com.audioshaper.app;
				PRODUCT_NAME = "$(TARGET_NAME)";
				SWIFT_OBJC_BRIDGING_HEADER = AudioShaper/AudioShaper-Bridging-Header.h;
				SWIFT_EMIT_LOC_STRINGS = YES;
				SWIFT_VERSION = 5.0;
			};
			name = Release;
		};
/* End XCBuildConfiguration section */

/* Begin XCConfigurationList section */
		AA0000020000000000000003 /* Build configuration list for PBXNativeTarget "AudioShaper" */ = {
			isa = XCConfigurationList;
			buildConfigurations = (
				AA0000050000000000000004 /* Debug */,
				AA0000060000000000000004 /* Release */,
			);
			defaultConfigurationIsVisible = 0;
			defaultConfigurationName = Release;
		};
		AA0000020000000000000004 /* Build configuration list for PBXProject "AudioShaper" */ = {
			isa = XCConfigurationList;
			buildConfigurations = (
				AA0000030000000000000004 /* Debug */,
				AA0000040000000000000004 /* Release */,
			);
			defaultConfigurationIsVisible = 0;
			defaultConfigurationName = Release;
		};
/* End XCConfigurationList section */
	};
	rootObject = AA0000010000000000000006 /* Project object */;
}
